
Microsoft Visual Studio Solution File, Format Version 12.00
Project("{FAE04EC0-301F-11D3-BF4B-00C04F79EFBC}") = "SagaHost", "SagaHost\SagaHost.csproj", "{02F30933-F266-4BDA-B3AF-C7EB472BE506}"
EndProject
Global
	GlobalSection(SolutionConfigurationPlatforms) = preSolution
		Debug|Any CPU = Debug|Any CPU
		Release|Any CPU = Release|Any CPU
	EndGlobalSection
	GlobalSection(ProjectConfigurationPlatforms) = postSolution
		{02F30933-F266-4BDA-B3AF-C7EB472BE506}.Debug|Any CPU.ActiveCfg = Debug|Any CPU
		{02F30933-F266-4BDA-B3AF-C7EB472BE506}.Debug|Any CPU.Build.0 = Debug|Any CPU
		{02F30933-F266-4BDA-B3AF-C7EB472BE506}.Release|Any CPU.ActiveCfg = Release|Any CPU
		{02F30933-F266-4BDA-B3AF-C7EB472BE506}.Release|Any CPU.Build.0 = Release|Any CPU
	EndGlobalSection
EndGlobal
